// !$*UTF8*$!
{
	archiveVersion = 1;
	classes = {
	};
	objectVersion = 46;
	objects = {

/* Begin PBXBuildFile section */
		2098D54A1DC1F5E800A15075 /* Genome.framework in Frameworks */ = {isa = PBXBuildFile; fileRef = 2098D5491DC1F5E800A15075 /* Genome.framework */; };
		2098D54B1DC1F5E800A15075 /* Genome.framework in Embed Frameworks */ = {isa = PBXBuildFile; fileRef = 2098D5491DC1F5E800A15075 /* Genome.framework */; settings = {ATTRIBUTES = (CodeSignOnCopy, RemoveHeadersOnCopy, ); }; };
		2098D54C1DC1F5FB00A15075 /* Genome.framework in Frameworks */ = {isa = PBXBuildFile; fileRef = 2098D5491DC1F5E800A15075 /* Genome.framework */; };
		20A0B9571DC2584D001D8A14 /* Recording+Genome.swift in Sources */ = {isa = PBXBuildFile; fileRef = 20A0B9561DC2584D001D8A14 /* Recording+Genome.swift */; };
		20A0B9591DC25B60001D8A14 /* Program+Genome.swift in Sources */ = {isa = PBXBuildFile; fileRef = 20A0B9581DC25B60001D8A14 /* Program+Genome.swift */; };
		20A0B95B1DC25F03001D8A14 /* Genome_Test.swift in Sources */ = {isa = PBXBuildFile; fileRef = 20A0B95A1DC25F03001D8A14 /* Genome_Test.swift */; };
		20A0B96B1DC26810001D8A14 /* GenomeFoundation.framework in Frameworks */ = {isa = PBXBuildFile; fileRef = 20A0B9691DC26803001D8A14 /* GenomeFoundation.framework */; };
		2F2868961DE7F34B002A6F68 /* Freddy.framework in Frameworks */ = {isa = PBXBuildFile; fileRef = 2F2868951DE7F34B002A6F68 /* Freddy.framework */; };
		2F2868981DE7F48A002A6F68 /* Freddy.framework in Frameworks */ = {isa = PBXBuildFile; fileRef = 2F2868971DE7F48A002A6F68 /* Freddy.framework */; };
		2F28689A1DE7F502002A6F68 /* Freddy.framework in Embed Frameworks */ = {isa = PBXBuildFile; fileRef = 2F2868971DE7F48A002A6F68 /* Freddy.framework */; settings = {ATTRIBUTES = (CodeSignOnCopy, RemoveHeadersOnCopy, ); }; };
		2F28689C1DE7F66F002A6F68 /* Freddy_Tests.swift in Sources */ = {isa = PBXBuildFile; fileRef = 2F28689B1DE7F66F002A6F68 /* Freddy_Tests.swift */; };
		2F28689E1DE7FB58002A6F68 /* Program+Freddy.swift in Sources */ = {isa = PBXBuildFile; fileRef = 2F28689D1DE7FB58002A6F68 /* Program+Freddy.swift */; };
		2F2868A01DE8843C002A6F68 /* Recording+Freddy.swift in Sources */ = {isa = PBXBuildFile; fileRef = 2F28689F1DE8843C002A6F68 /* Recording+Freddy.swift */; };
		5B69A1DA1DBEC84200B12579 /* Recording+Decodable.swift in Sources */ = {isa = PBXBuildFile; fileRef = 5B69A1D91DBEC84200B12579 /* Recording+Decodable.swift */; };
		5B69A1DC1DBEC86A00B12579 /* Program+Decodable.swift in Sources */ = {isa = PBXBuildFile; fileRef = 5B69A1DB1DBEC86A00B12579 /* Program+Decodable.swift */; };
		5B69A1DE1DBEC9A400B12579 /* Decodable_Tests.swift in Sources */ = {isa = PBXBuildFile; fileRef = 5B69A1DD1DBEC9A400B12579 /* Decodable_Tests.swift */; };
		5BA72ECF1DBECC0C007ADBAE /* ModelObjects.framework in Frameworks */ = {isa = PBXBuildFile; fileRef = CC97869E1CEBABE7005A5DEA /* ModelObjects.framework */; };
		5BA72ED31DBECD52007ADBAE /* Decodable.framework in Frameworks */ = {isa = PBXBuildFile; fileRef = 5BA72EC71DBECA48007ADBAE /* Decodable.framework */; };
		681299051DBFFCAB009960BE /* ObjectMapper.framework in Frameworks */ = {isa = PBXBuildFile; fileRef = 681299041DBFFCAB009960BE /* ObjectMapper.framework */; };
		681299061DBFFCAB009960BE /* ObjectMapper.framework in Frameworks */ = {isa = PBXBuildFile; fileRef = 681299041DBFFCAB009960BE /* ObjectMapper.framework */; };
		681299071DBFFCBC009960BE /* ObjectMapper.framework in Embed Frameworks */ = {isa = PBXBuildFile; fileRef = 681299041DBFFCAB009960BE /* ObjectMapper.framework */; settings = {ATTRIBUTES = (CodeSignOnCopy, RemoveHeadersOnCopy, ); }; };
		681299181DC00DB1009960BE /* ObjectMapper_Test.swift in Sources */ = {isa = PBXBuildFile; fileRef = 681299171DC00DB1009960BE /* ObjectMapper_Test.swift */; };
		6812991B1DC00DBB009960BE /* Program+ObjectMapper.swift in Sources */ = {isa = PBXBuildFile; fileRef = 681299191DC00DBB009960BE /* Program+ObjectMapper.swift */; };
		6812991C1DC00DBB009960BE /* Recording+ObjectMapper.swift in Sources */ = {isa = PBXBuildFile; fileRef = 6812991A1DC00DBB009960BE /* Recording+ObjectMapper.swift */; };
		71337C8B1DBEBC6B00DCA374 /* Recording+Marshal.swift in Sources */ = {isa = PBXBuildFile; fileRef = 71337C8A1DBEBC6B00DCA374 /* Recording+Marshal.swift */; };
		71337C8D1DBEBC7900DCA374 /* Recording+Mapper.swift in Sources */ = {isa = PBXBuildFile; fileRef = 71337C8C1DBEBC7900DCA374 /* Recording+Mapper.swift */; };
		71337C8F1DBEBC8600DCA374 /* Recording+Unbox.swift in Sources */ = {isa = PBXBuildFile; fileRef = 71337C8E1DBEBC8600DCA374 /* Recording+Unbox.swift */; };
		71337C911DBEBCA300DCA374 /* Recording+SwiftyJSON.swift in Sources */ = {isa = PBXBuildFile; fileRef = 71337C901DBEBCA300DCA374 /* Recording+SwiftyJSON.swift */; };
		71337C931DBEBFB400DCA374 /* Program+Marshal.swift in Sources */ = {isa = PBXBuildFile; fileRef = 71337C921DBEBFB400DCA374 /* Program+Marshal.swift */; };
		71337C951DBEBFC300DCA374 /* Program+Mapper.swift in Sources */ = {isa = PBXBuildFile; fileRef = 71337C941DBEBFC300DCA374 /* Program+Mapper.swift */; };
		71337C971DBEBFD000DCA374 /* Program+Unbox.swift in Sources */ = {isa = PBXBuildFile; fileRef = 71337C961DBEBFD000DCA374 /* Program+Unbox.swift */; };
		71337C991DBEBFDC00DCA374 /* Program+SwiftyJSON.swift in Sources */ = {isa = PBXBuildFile; fileRef = 71337C981DBEBFDC00DCA374 /* Program+SwiftyJSON.swift */; };
		716A8A981DC1D0E900BF314B /* Gloss.framework in Frameworks */ = {isa = PBXBuildFile; fileRef = 716A8A971DC1D0E900BF314B /* Gloss.framework */; };
		716A8A9A1DC1D10A00BF314B /* Gloss.framework in Frameworks */ = {isa = PBXBuildFile; fileRef = 7C3FCD2D1DC1B19E00C82DEE /* Gloss.framework */; };
		716A8A9B1DC1D10A00BF314B /* Gloss.framework in Embed Frameworks */ = {isa = PBXBuildFile; fileRef = 7C3FCD2D1DC1B19E00C82DEE /* Gloss.framework */; settings = {ATTRIBUTES = (CodeSignOnCopy, RemoveHeadersOnCopy, ); }; };
		716A8A9D1DC1D18B00BF314B /* JSON.framework in Frameworks */ = {isa = PBXBuildFile; fileRef = 716A8A9C1DC1D18B00BF314B /* JSON.framework */; };
		7C3FCD311DC1B2A100C82DEE /* Program+Gloss.swift in Sources */ = {isa = PBXBuildFile; fileRef = 7C3FCD301DC1B2A100C82DEE /* Program+Gloss.swift */; };
		7C3FCD331DC1B2AE00C82DEE /* Recording+Gloss.swift in Sources */ = {isa = PBXBuildFile; fileRef = 7C3FCD321DC1B2AE00C82DEE /* Recording+Gloss.swift */; };
		7C3FCD351DC1B61600C82DEE /* Gloss_Tests.swift in Sources */ = {isa = PBXBuildFile; fileRef = 7C3FCD341DC1B61600C82DEE /* Gloss_Tests.swift */; };
		9E9BF9C81DCD116900548161 /* PMJSON.framework in Frameworks */ = {isa = PBXBuildFile; fileRef = 9E9BF9C71DCD116900548161 /* PMJSON.framework */; };
		9E9BF9CA1DCD117300548161 /* PMJSON.framework in Frameworks */ = {isa = PBXBuildFile; fileRef = 9E9BF9C91DCD117300548161 /* PMJSON.framework */; };
		9E9BF9CC1DCD11BA00548161 /* PMJSON_Tests.swift in Sources */ = {isa = PBXBuildFile; fileRef = 9E9BF9CB1DCD11BA00548161 /* PMJSON_Tests.swift */; };
		9E9BF9CE1DCD126D00548161 /* Program+PMJSON.swift in Sources */ = {isa = PBXBuildFile; fileRef = 9E9BF9CD1DCD126D00548161 /* Program+PMJSON.swift */; };
		9E9BF9D01DCD307200548161 /* Recording+PMJSON.swift in Sources */ = {isa = PBXBuildFile; fileRef = 9E9BF9CF1DCD307200548161 /* Recording+PMJSON.swift */; };
		AA2B38CB1DC0B4AE008CECCD /* JSON.framework in Frameworks */ = {isa = PBXBuildFile; fileRef = AA2B38CA1DC0B4AE008CECCD /* JSON.framework */; };
		AA2B38CC1DC0B4AE008CECCD /* JSON.framework in Embed Frameworks */ = {isa = PBXBuildFile; fileRef = AA2B38CA1DC0B4AE008CECCD /* JSON.framework */; settings = {ATTRIBUTES = (CodeSignOnCopy, RemoveHeadersOnCopy, ); }; };
		AA2B38D01DC0B4D2008CECCD /* Program+JSON.swift in Sources */ = {isa = PBXBuildFile; fileRef = AA2B38CD1DC0B4CC008CECCD /* Program+JSON.swift */; };
		AA2B38D21DC0B57F008CECCD /* Recording+JSON.swift in Sources */ = {isa = PBXBuildFile; fileRef = AA2B38D11DC0B57F008CECCD /* Recording+JSON.swift */; };
		AA2B38D41DC0B6D3008CECCD /* JSON_Tests.swift in Sources */ = {isa = PBXBuildFile; fileRef = AA2B38D31DC0B6D3008CECCD /* JSON_Tests.swift */; };
		CC3023411CF9616600B51746 /* Unbox.framework in Frameworks */ = {isa = PBXBuildFile; fileRef = CC9786C51CEBACE8005A5DEA /* Unbox.framework */; };
		CC3023421CF9616600B51746 /* Unbox.framework in Embed Frameworks */ = {isa = PBXBuildFile; fileRef = CC9786C51CEBACE8005A5DEA /* Unbox.framework */; settings = {ATTRIBUTES = (CodeSignOnCopy, RemoveHeadersOnCopy, ); }; };
		CC3023431CF9616600B51746 /* Marshal.framework in Frameworks */ = {isa = PBXBuildFile; fileRef = CC9786C31CEBACD5005A5DEA /* Marshal.framework */; };
		CC3023441CF9616600B51746 /* Marshal.framework in Embed Frameworks */ = {isa = PBXBuildFile; fileRef = CC9786C31CEBACD5005A5DEA /* Marshal.framework */; settings = {ATTRIBUTES = (CodeSignOnCopy, RemoveHeadersOnCopy, ); }; };
		CC3023451CF9616700B51746 /* Mapper.framework in Frameworks */ = {isa = PBXBuildFile; fileRef = CC9786C11CEBACD0005A5DEA /* Mapper.framework */; };
		CC3023461CF9616700B51746 /* Mapper.framework in Embed Frameworks */ = {isa = PBXBuildFile; fileRef = CC9786C11CEBACD0005A5DEA /* Mapper.framework */; settings = {ATTRIBUTES = (CodeSignOnCopy, RemoveHeadersOnCopy, ); }; };
		CC30234A1CF9692700B51746 /* Mapper_Tests.swift in Sources */ = {isa = PBXBuildFile; fileRef = CC3023471CF9692700B51746 /* Mapper_Tests.swift */; };
		CC30234B1CF9692700B51746 /* Marshal_Tests.swift in Sources */ = {isa = PBXBuildFile; fileRef = CC3023481CF9692700B51746 /* Marshal_Tests.swift */; };
		CC30234C1CF9692700B51746 /* Unbox_Tests.swift in Sources */ = {isa = PBXBuildFile; fileRef = CC3023491CF9692700B51746 /* Unbox_Tests.swift */; };
		CC5A1A021CEADE59007238F3 /* AppDelegate.swift in Sources */ = {isa = PBXBuildFile; fileRef = CC5A1A011CEADE59007238F3 /* AppDelegate.swift */; };
		CC5A1A041CEADE59007238F3 /* ViewController.swift in Sources */ = {isa = PBXBuildFile; fileRef = CC5A1A031CEADE59007238F3 /* ViewController.swift */; };
		CC5A1A071CEADE59007238F3 /* Main.storyboard in Resources */ = {isa = PBXBuildFile; fileRef = CC5A1A051CEADE59007238F3 /* Main.storyboard */; };
		CC5A1A091CEADE59007238F3 /* Assets.xcassets in Resources */ = {isa = PBXBuildFile; fileRef = CC5A1A081CEADE59007238F3 /* Assets.xcassets */; };
		CC5A1A0C1CEADE59007238F3 /* LaunchScreen.storyboard in Resources */ = {isa = PBXBuildFile; fileRef = CC5A1A0A1CEADE59007238F3 /* LaunchScreen.storyboard */; };
		CC5A1A4D1CEAE182007238F3 /* Large.json in Resources */ = {isa = PBXBuildFile; fileRef = CC5A1A4C1CEAE182007238F3 /* Large.json */; };
		CC7A7FB71DC053E400A69A0B /* Decodable.framework in Frameworks */ = {isa = PBXBuildFile; fileRef = 5BA72EC71DBECA48007ADBAE /* Decodable.framework */; };
		CC7A7FB81DC053E400A69A0B /* Decodable.framework in Embed Frameworks */ = {isa = PBXBuildFile; fileRef = 5BA72EC71DBECA48007ADBAE /* Decodable.framework */; settings = {ATTRIBUTES = (CodeSignOnCopy, RemoveHeadersOnCopy, ); }; };
		CC9786A11CEBABE7005A5DEA /* ModelObjects.h in Headers */ = {isa = PBXBuildFile; fileRef = CC9786A01CEBABE7005A5DEA /* ModelObjects.h */; settings = {ATTRIBUTES = (Public, ); }; };
		CC9786B31CEBABE7005A5DEA /* ModelObjects.framework in Frameworks */ = {isa = PBXBuildFile; fileRef = CC97869E1CEBABE7005A5DEA /* ModelObjects.framework */; };
		CC9786B41CEBABE7005A5DEA /* ModelObjects.framework in Embed Frameworks */ = {isa = PBXBuildFile; fileRef = CC97869E1CEBABE7005A5DEA /* ModelObjects.framework */; settings = {ATTRIBUTES = (CodeSignOnCopy, RemoveHeadersOnCopy, ); }; };
		CC9786BC1CEBAC14005A5DEA /* Recording.swift in Sources */ = {isa = PBXBuildFile; fileRef = CC9786BB1CEBAC14005A5DEA /* Recording.swift */; };
		CC9786BE1CEBAC21005A5DEA /* Program.swift in Sources */ = {isa = PBXBuildFile; fileRef = CC9786BD1CEBAC21005A5DEA /* Program.swift */; };
		CC9786C01CEBAC6C005A5DEA /* NSDate+JSON.swift in Sources */ = {isa = PBXBuildFile; fileRef = CC9786BF1CEBAC6C005A5DEA /* NSDate+JSON.swift */; };
		CC9786C21CEBACD0005A5DEA /* Mapper.framework in Frameworks */ = {isa = PBXBuildFile; fileRef = CC9786C11CEBACD0005A5DEA /* Mapper.framework */; };
		CC9786C41CEBACD5005A5DEA /* Marshal.framework in Frameworks */ = {isa = PBXBuildFile; fileRef = CC9786C31CEBACD5005A5DEA /* Marshal.framework */; };
		CC9786C61CEBACE8005A5DEA /* Unbox.framework in Frameworks */ = {isa = PBXBuildFile; fileRef = CC9786C51CEBACE8005A5DEA /* Unbox.framework */; };
		CCD510591CFFFB4C00E9C0D1 /* SwiftyJSON.framework in Frameworks */ = {isa = PBXBuildFile; fileRef = CCD510581CFFFB4C00E9C0D1 /* SwiftyJSON.framework */; };
		CCD5105B1CFFFF7000E9C0D1 /* SwiftyJSON_Tests.swift in Sources */ = {isa = PBXBuildFile; fileRef = CCD5105A1CFFFF7000E9C0D1 /* SwiftyJSON_Tests.swift */; };
		CCFD5B551D0A718C0021C2B3 /* SwiftyJSON.framework in Frameworks */ = {isa = PBXBuildFile; fileRef = CCD510581CFFFB4C00E9C0D1 /* SwiftyJSON.framework */; };
		CCFD5B571D0A71990021C2B3 /* SwiftyJSON.framework in Embed Frameworks */ = {isa = PBXBuildFile; fileRef = CCD510581CFFFB4C00E9C0D1 /* SwiftyJSON.framework */; settings = {ATTRIBUTES = (CodeSignOnCopy, RemoveHeadersOnCopy, ); }; };
		DF8DD6DC1ECFEDA0002B3D1A /* Himotoki.framework in Frameworks */ = {isa = PBXBuildFile; fileRef = DF8DD6DB1ECFEDA0002B3D1A /* Himotoki.framework */; };
		DF8DD6DD1ECFEDA0002B3D1A /* Himotoki.framework in Embed Frameworks */ = {isa = PBXBuildFile; fileRef = DF8DD6DB1ECFEDA0002B3D1A /* Himotoki.framework */; settings = {ATTRIBUTES = (CodeSignOnCopy, RemoveHeadersOnCopy, ); }; };
		DF8DD6E11ECFF587002B3D1A /* Himotoki.framework in Frameworks */ = {isa = PBXBuildFile; fileRef = DF8DD6DB1ECFEDA0002B3D1A /* Himotoki.framework */; };
		DF8DD6E31ECFF695002B3D1A /* Recording+Himotoki.swift in Sources */ = {isa = PBXBuildFile; fileRef = DF8DD6E21ECFF695002B3D1A /* Recording+Himotoki.swift */; };
		DF8DD6E51ED00848002B3D1A /* Program+Himotoki.swift in Sources */ = {isa = PBXBuildFile; fileRef = DF8DD6E41ED00848002B3D1A /* Program+Himotoki.swift */; };
		DF8DD6E71ED00BE9002B3D1A /* Himotoki_Tests.swift in Sources */ = {isa = PBXBuildFile; fileRef = DF8DD6E61ED00BE9002B3D1A /* Himotoki_Tests.swift */; };
/* End PBXBuildFile section */

/* Begin PBXContainerItemProxy section */
		CC5A1A131CEADE59007238F3 /* PBXContainerItemProxy */ = {
			isa = PBXContainerItemProxy;
			containerPortal = CC5A19F61CEADE59007238F3 /* Project object */;
			proxyType = 1;
			remoteGlobalIDString = CC5A19FD1CEADE59007238F3;
			remoteInfo = JSONShootout;
		};
		CC9786B11CEBABE7005A5DEA /* PBXContainerItemProxy */ = {
			isa = PBXContainerItemProxy;
			containerPortal = CC5A19F61CEADE59007238F3 /* Project object */;
			proxyType = 1;
			remoteGlobalIDString = CC97869D1CEBABE7005A5DEA;
			remoteInfo = ModelObjects;
		};
/* End PBXContainerItemProxy section */

/* Begin PBXCopyFilesBuildPhase section */
		CC5A1A421CEADFB8007238F3 /* Embed Frameworks */ = {
			isa = PBXCopyFilesBuildPhase;
			buildActionMask = 2147483647;
			dstPath = "";
			dstSubfolderSpec = 10;
			files = (
				CC7A7FB81DC053E400A69A0B /* Decodable.framework in Embed Frameworks */,
				2098D54B1DC1F5E800A15075 /* Genome.framework in Embed Frameworks */,
				DF8DD6DD1ECFEDA0002B3D1A /* Himotoki.framework in Embed Frameworks */,
				681299071DBFFCBC009960BE /* ObjectMapper.framework in Embed Frameworks */,
				CC3023441CF9616600B51746 /* Marshal.framework in Embed Frameworks */,
				CC3023461CF9616700B51746 /* Mapper.framework in Embed Frameworks */,
				AA2B38CC1DC0B4AE008CECCD /* JSON.framework in Embed Frameworks */,
				CC9786B41CEBABE7005A5DEA /* ModelObjects.framework in Embed Frameworks */,
				CC3023421CF9616600B51746 /* Unbox.framework in Embed Frameworks */,
				CCFD5B571D0A71990021C2B3 /* SwiftyJSON.framework in Embed Frameworks */,
				716A8A9B1DC1D10A00BF314B /* Gloss.framework in Embed Frameworks */,
				2F28689A1DE7F502002A6F68 /* Freddy.framework in Embed Frameworks */,
			);
			name = "Embed Frameworks";
			runOnlyForDeploymentPostprocessing = 0;
		};
/* End PBXCopyFilesBuildPhase section */

/* Begin PBXFileReference section */
		2098D5491DC1F5E800A15075 /* Genome.framework */ = {isa = PBXFileReference; explicitFileType = wrapper.framework; path = Genome.framework; sourceTree = BUILT_PRODUCTS_DIR; };
		20A0B9561DC2584D001D8A14 /* Recording+Genome.swift */ = {isa = PBXFileReference; fileEncoding = 4; lastKnownFileType = sourcecode.swift; path = "Recording+Genome.swift"; sourceTree = "<group>"; };
		20A0B9581DC25B60001D8A14 /* Program+Genome.swift */ = {isa = PBXFileReference; fileEncoding = 4; lastKnownFileType = sourcecode.swift; path = "Program+Genome.swift"; sourceTree = "<group>"; };
		20A0B95A1DC25F03001D8A14 /* Genome_Test.swift */ = {isa = PBXFileReference; fileEncoding = 4; lastKnownFileType = sourcecode.swift; path = Genome_Test.swift; sourceTree = "<group>"; };
		20A0B9691DC26803001D8A14 /* GenomeFoundation.framework */ = {isa = PBXFileReference; lastKnownFileType = wrapper.framework; path = GenomeFoundation.framework; sourceTree = BUILT_PRODUCTS_DIR; };
		2F2868951DE7F34B002A6F68 /* Freddy.framework */ = {isa = PBXFileReference; lastKnownFileType = wrapper.framework; path = Freddy.framework; sourceTree = BUILT_PRODUCTS_DIR; };
		2F2868971DE7F48A002A6F68 /* Freddy.framework */ = {isa = PBXFileReference; lastKnownFileType = wrapper.framework; path = Freddy.framework; sourceTree = BUILT_PRODUCTS_DIR; };
		2F28689B1DE7F66F002A6F68 /* Freddy_Tests.swift */ = {isa = PBXFileReference; fileEncoding = 4; lastKnownFileType = sourcecode.swift; path = Freddy_Tests.swift; sourceTree = "<group>"; };
		2F28689D1DE7FB58002A6F68 /* Program+Freddy.swift */ = {isa = PBXFileReference; fileEncoding = 4; lastKnownFileType = sourcecode.swift; path = "Program+Freddy.swift"; sourceTree = "<group>"; };
		2F28689F1DE8843C002A6F68 /* Recording+Freddy.swift */ = {isa = PBXFileReference; fileEncoding = 4; lastKnownFileType = sourcecode.swift; path = "Recording+Freddy.swift"; sourceTree = "<group>"; };
		5B69A1D91DBEC84200B12579 /* Recording+Decodable.swift */ = {isa = PBXFileReference; fileEncoding = 4; lastKnownFileType = sourcecode.swift; path = "Recording+Decodable.swift"; sourceTree = "<group>"; };
		5B69A1DB1DBEC86A00B12579 /* Program+Decodable.swift */ = {isa = PBXFileReference; fileEncoding = 4; lastKnownFileType = sourcecode.swift; path = "Program+Decodable.swift"; sourceTree = "<group>"; };
		5B69A1DD1DBEC9A400B12579 /* Decodable_Tests.swift */ = {isa = PBXFileReference; fileEncoding = 4; lastKnownFileType = sourcecode.swift; path = Decodable_Tests.swift; sourceTree = "<group>"; };
		5BA72EC71DBECA48007ADBAE /* Decodable.framework */ = {isa = PBXFileReference; lastKnownFileType = wrapper.framework; path = Decodable.framework; sourceTree = BUILT_PRODUCTS_DIR; };
		681299041DBFFCAB009960BE /* ObjectMapper.framework */ = {isa = PBXFileReference; lastKnownFileType = wrapper.framework; path = ObjectMapper.framework; sourceTree = BUILT_PRODUCTS_DIR; };
		681299171DC00DB1009960BE /* ObjectMapper_Test.swift */ = {isa = PBXFileReference; fileEncoding = 4; lastKnownFileType = sourcecode.swift; path = ObjectMapper_Test.swift; sourceTree = "<group>"; };
		681299191DC00DBB009960BE /* Program+ObjectMapper.swift */ = {isa = PBXFileReference; fileEncoding = 4; lastKnownFileType = sourcecode.swift; path = "Program+ObjectMapper.swift"; sourceTree = "<group>"; };
		6812991A1DC00DBB009960BE /* Recording+ObjectMapper.swift */ = {isa = PBXFileReference; fileEncoding = 4; lastKnownFileType = sourcecode.swift; path = "Recording+ObjectMapper.swift"; sourceTree = "<group>"; };
		71337C8A1DBEBC6B00DCA374 /* Recording+Marshal.swift */ = {isa = PBXFileReference; fileEncoding = 4; lastKnownFileType = sourcecode.swift; path = "Recording+Marshal.swift"; sourceTree = "<group>"; };
		71337C8C1DBEBC7900DCA374 /* Recording+Mapper.swift */ = {isa = PBXFileReference; fileEncoding = 4; lastKnownFileType = sourcecode.swift; path = "Recording+Mapper.swift"; sourceTree = "<group>"; };
		71337C8E1DBEBC8600DCA374 /* Recording+Unbox.swift */ = {isa = PBXFileReference; fileEncoding = 4; lastKnownFileType = sourcecode.swift; path = "Recording+Unbox.swift"; sourceTree = "<group>"; };
		71337C901DBEBCA300DCA374 /* Recording+SwiftyJSON.swift */ = {isa = PBXFileReference; fileEncoding = 4; lastKnownFileType = sourcecode.swift; path = "Recording+SwiftyJSON.swift"; sourceTree = "<group>"; };
		71337C921DBEBFB400DCA374 /* Program+Marshal.swift */ = {isa = PBXFileReference; fileEncoding = 4; lastKnownFileType = sourcecode.swift; path = "Program+Marshal.swift"; sourceTree = "<group>"; };
		71337C941DBEBFC300DCA374 /* Program+Mapper.swift */ = {isa = PBXFileReference; fileEncoding = 4; lastKnownFileType = sourcecode.swift; path = "Program+Mapper.swift"; sourceTree = "<group>"; };
		71337C961DBEBFD000DCA374 /* Program+Unbox.swift */ = {isa = PBXFileReference; fileEncoding = 4; lastKnownFileType = sourcecode.swift; path = "Program+Unbox.swift"; sourceTree = "<group>"; };
		71337C981DBEBFDC00DCA374 /* Program+SwiftyJSON.swift */ = {isa = PBXFileReference; fileEncoding = 4; lastKnownFileType = sourcecode.swift; path = "Program+SwiftyJSON.swift"; sourceTree = "<group>"; };
		716A8A971DC1D0E900BF314B /* Gloss.framework */ = {isa = PBXFileReference; lastKnownFileType = wrapper.framework; path = Gloss.framework; sourceTree = BUILT_PRODUCTS_DIR; };
		716A8A9C1DC1D18B00BF314B /* JSON.framework */ = {isa = PBXFileReference; lastKnownFileType = wrapper.framework; path = JSON.framework; sourceTree = BUILT_PRODUCTS_DIR; };
		7C3FCD2D1DC1B19E00C82DEE /* Gloss.framework */ = {isa = PBXFileReference; explicitFileType = wrapper.framework; path = Gloss.framework; sourceTree = BUILT_PRODUCTS_DIR; };
		7C3FCD301DC1B2A100C82DEE /* Program+Gloss.swift */ = {isa = PBXFileReference; fileEncoding = 4; lastKnownFileType = sourcecode.swift; path = "Program+Gloss.swift"; sourceTree = "<group>"; };
		7C3FCD321DC1B2AE00C82DEE /* Recording+Gloss.swift */ = {isa = PBXFileReference; fileEncoding = 4; lastKnownFileType = sourcecode.swift; path = "Recording+Gloss.swift"; sourceTree = "<group>"; };
		7C3FCD341DC1B61600C82DEE /* Gloss_Tests.swift */ = {isa = PBXFileReference; fileEncoding = 4; lastKnownFileType = sourcecode.swift; path = Gloss_Tests.swift; sourceTree = "<group>"; };
		9E9BF9C71DCD116900548161 /* PMJSON.framework */ = {isa = PBXFileReference; lastKnownFileType = wrapper.framework; name = PMJSON.framework; path = Carthage/Checkouts/PMJSON/build/Debug/PMJSON.framework; sourceTree = "<group>"; };
		9E9BF9C91DCD117300548161 /* PMJSON.framework */ = {isa = PBXFileReference; lastKnownFileType = wrapper.framework; name = PMJSON.framework; path = Carthage/Checkouts/PMJSON/build/Debug/PMJSON.framework; sourceTree = "<group>"; };
		9E9BF9CB1DCD11BA00548161 /* PMJSON_Tests.swift */ = {isa = PBXFileReference; fileEncoding = 4; lastKnownFileType = sourcecode.swift; path = PMJSON_Tests.swift; sourceTree = "<group>"; };
		9E9BF9CD1DCD126D00548161 /* Program+PMJSON.swift */ = {isa = PBXFileReference; fileEncoding = 4; lastKnownFileType = sourcecode.swift; path = "Program+PMJSON.swift"; sourceTree = "<group>"; };
		9E9BF9CF1DCD307200548161 /* Recording+PMJSON.swift */ = {isa = PBXFileReference; fileEncoding = 4; lastKnownFileType = sourcecode.swift; path = "Recording+PMJSON.swift"; sourceTree = "<group>"; };
		AA2B38CA1DC0B4AE008CECCD /* JSON.framework */ = {isa = PBXFileReference; explicitFileType = wrapper.framework; path = JSON.framework; sourceTree = BUILT_PRODUCTS_DIR; };
		AA2B38CD1DC0B4CC008CECCD /* Program+JSON.swift */ = {isa = PBXFileReference; fileEncoding = 4; indentWidth = 4; lastKnownFileType = sourcecode.swift; path = "Program+JSON.swift"; sourceTree = "<group>"; tabWidth = 4; };
		AA2B38D11DC0B57F008CECCD /* Recording+JSON.swift */ = {isa = PBXFileReference; fileEncoding = 4; lastKnownFileType = sourcecode.swift; path = "Recording+JSON.swift"; sourceTree = "<group>"; };
		AA2B38D31DC0B6D3008CECCD /* JSON_Tests.swift */ = {isa = PBXFileReference; fileEncoding = 4; lastKnownFileType = sourcecode.swift; path = JSON_Tests.swift; sourceTree = "<group>"; };
		CC3023471CF9692700B51746 /* Mapper_Tests.swift */ = {isa = PBXFileReference; fileEncoding = 4; lastKnownFileType = sourcecode.swift; path = Mapper_Tests.swift; sourceTree = "<group>"; };
		CC3023481CF9692700B51746 /* Marshal_Tests.swift */ = {isa = PBXFileReference; fileEncoding = 4; lastKnownFileType = sourcecode.swift; path = Marshal_Tests.swift; sourceTree = "<group>"; };
		CC3023491CF9692700B51746 /* Unbox_Tests.swift */ = {isa = PBXFileReference; fileEncoding = 4; lastKnownFileType = sourcecode.swift; path = Unbox_Tests.swift; sourceTree = "<group>"; };
		CC5A19FE1CEADE59007238F3 /* JSONShootout.app */ = {isa = PBXFileReference; explicitFileType = wrapper.application; includeInIndex = 0; path = JSONShootout.app; sourceTree = BUILT_PRODUCTS_DIR; };
		CC5A1A011CEADE59007238F3 /* AppDelegate.swift */ = {isa = PBXFileReference; lastKnownFileType = sourcecode.swift; path = AppDelegate.swift; sourceTree = "<group>"; };
		CC5A1A031CEADE59007238F3 /* ViewController.swift */ = {isa = PBXFileReference; lastKnownFileType = sourcecode.swift; path = ViewController.swift; sourceTree = "<group>"; };
		CC5A1A061CEADE59007238F3 /* Base */ = {isa = PBXFileReference; lastKnownFileType = file.storyboard; name = Base; path = Base.lproj/Main.storyboard; sourceTree = "<group>"; };
		CC5A1A081CEADE59007238F3 /* Assets.xcassets */ = {isa = PBXFileReference; lastKnownFileType = folder.assetcatalog; path = Assets.xcassets; sourceTree = "<group>"; };
		CC5A1A0B1CEADE59007238F3 /* Base */ = {isa = PBXFileReference; lastKnownFileType = file.storyboard; name = Base; path = Base.lproj/LaunchScreen.storyboard; sourceTree = "<group>"; };
		CC5A1A0D1CEADE59007238F3 /* Info.plist */ = {isa = PBXFileReference; lastKnownFileType = text.plist.xml; path = Info.plist; sourceTree = "<group>"; };
		CC5A1A121CEADE59007238F3 /* JSONShootoutTests.xctest */ = {isa = PBXFileReference; explicitFileType = wrapper.cfbundle; includeInIndex = 0; path = JSONShootoutTests.xctest; sourceTree = BUILT_PRODUCTS_DIR; };
		CC5A1A181CEADE59007238F3 /* Info.plist */ = {isa = PBXFileReference; lastKnownFileType = text.plist.xml; path = Info.plist; sourceTree = "<group>"; };
		CC5A1A4C1CEAE182007238F3 /* Large.json */ = {isa = PBXFileReference; fileEncoding = 4; lastKnownFileType = text.json; path = Large.json; sourceTree = "<group>"; };
		CC97869E1CEBABE7005A5DEA /* ModelObjects.framework */ = {isa = PBXFileReference; explicitFileType = wrapper.framework; includeInIndex = 0; path = ModelObjects.framework; sourceTree = BUILT_PRODUCTS_DIR; };
		CC9786A01CEBABE7005A5DEA /* ModelObjects.h */ = {isa = PBXFileReference; lastKnownFileType = sourcecode.c.h; path = ModelObjects.h; sourceTree = "<group>"; };
		CC9786A21CEBABE7005A5DEA /* Info.plist */ = {isa = PBXFileReference; lastKnownFileType = text.plist.xml; path = Info.plist; sourceTree = "<group>"; };
		CC9786BB1CEBAC14005A5DEA /* Recording.swift */ = {isa = PBXFileReference; fileEncoding = 4; lastKnownFileType = sourcecode.swift; path = Recording.swift; sourceTree = "<group>"; };
		CC9786BD1CEBAC21005A5DEA /* Program.swift */ = {isa = PBXFileReference; fileEncoding = 4; lastKnownFileType = sourcecode.swift; path = Program.swift; sourceTree = "<group>"; };
		CC9786BF1CEBAC6C005A5DEA /* NSDate+JSON.swift */ = {isa = PBXFileReference; fileEncoding = 4; lastKnownFileType = sourcecode.swift; path = "NSDate+JSON.swift"; sourceTree = "<group>"; };
		CC9786C11CEBACD0005A5DEA /* Mapper.framework */ = {isa = PBXFileReference; lastKnownFileType = wrapper.framework; path = Mapper.framework; sourceTree = BUILT_PRODUCTS_DIR; };
		CC9786C31CEBACD5005A5DEA /* Marshal.framework */ = {isa = PBXFileReference; lastKnownFileType = wrapper.framework; path = Marshal.framework; sourceTree = BUILT_PRODUCTS_DIR; };
		CC9786C51CEBACE8005A5DEA /* Unbox.framework */ = {isa = PBXFileReference; lastKnownFileType = wrapper.framework; path = Unbox.framework; sourceTree = BUILT_PRODUCTS_DIR; };
		CCD510581CFFFB4C00E9C0D1 /* SwiftyJSON.framework */ = {isa = PBXFileReference; lastKnownFileType = wrapper.framework; path = SwiftyJSON.framework; sourceTree = BUILT_PRODUCTS_DIR; };
		CCD5105A1CFFFF7000E9C0D1 /* SwiftyJSON_Tests.swift */ = {isa = PBXFileReference; fileEncoding = 4; lastKnownFileType = sourcecode.swift; path = SwiftyJSON_Tests.swift; sourceTree = "<group>"; };
		DF8DD6DB1ECFEDA0002B3D1A /* Himotoki.framework */ = {isa = PBXFileReference; explicitFileType = wrapper.framework; path = Himotoki.framework; sourceTree = BUILT_PRODUCTS_DIR; };
		DF8DD6E21ECFF695002B3D1A /* Recording+Himotoki.swift */ = {isa = PBXFileReference; fileEncoding = 4; lastKnownFileType = sourcecode.swift; path = "Recording+Himotoki.swift"; sourceTree = "<group>"; };
		DF8DD6E41ED00848002B3D1A /* Program+Himotoki.swift */ = {isa = PBXFileReference; fileEncoding = 4; lastKnownFileType = sourcecode.swift; path = "Program+Himotoki.swift"; sourceTree = "<group>"; };
		DF8DD6E61ED00BE9002B3D1A /* Himotoki_Tests.swift */ = {isa = PBXFileReference; fileEncoding = 4; lastKnownFileType = sourcecode.swift; path = Himotoki_Tests.swift; sourceTree = "<group>"; };
/* End PBXFileReference section */

/* Begin PBXFrameworksBuildPhase section */
		CC5A19FB1CEADE59007238F3 /* Frameworks */ = {
			isa = PBXFrameworksBuildPhase;
			buildActionMask = 2147483647;
			files = (
				2F2868981DE7F48A002A6F68 /* Freddy.framework in Frameworks */,
				20A0B96B1DC26810001D8A14 /* GenomeFoundation.framework in Frameworks */,
				2098D54A1DC1F5E800A15075 /* Genome.framework in Frameworks */,
				681299051DBFFCAB009960BE /* ObjectMapper.framework in Frameworks */,
				DF8DD6DC1ECFEDA0002B3D1A /* Himotoki.framework in Frameworks */,
				CCFD5B551D0A718C0021C2B3 /* SwiftyJSON.framework in Frameworks */,
				716A8A9A1DC1D10A00BF314B /* Gloss.framework in Frameworks */,
				CC7A7FB71DC053E400A69A0B /* Decodable.framework in Frameworks */,
				CC3023431CF9616600B51746 /* Marshal.framework in Frameworks */,
				AA2B38CB1DC0B4AE008CECCD /* JSON.framework in Frameworks */,
				CC3023451CF9616700B51746 /* Mapper.framework in Frameworks */,
				CC9786B31CEBABE7005A5DEA /* ModelObjects.framework in Frameworks */,
				CC3023411CF9616600B51746 /* Unbox.framework in Frameworks */,
				9E9BF9CA1DCD117300548161 /* PMJSON.framework in Frameworks */,
			);
			runOnlyForDeploymentPostprocessing = 0;
		};
		CC5A1A0F1CEADE59007238F3 /* Frameworks */ = {
			isa = PBXFrameworksBuildPhase;
			buildActionMask = 2147483647;
			files = (
				5BA72ECF1DBECC0C007ADBAE /* ModelObjects.framework in Frameworks */,
			);
			runOnlyForDeploymentPostprocessing = 0;
		};
		CC97869A1CEBABE7005A5DEA /* Frameworks */ = {
			isa = PBXFrameworksBuildPhase;
			buildActionMask = 2147483647;
			files = (
				2F2868961DE7F34B002A6F68 /* Freddy.framework in Frameworks */,
				2098D54C1DC1F5FB00A15075 /* Genome.framework in Frameworks */,
				DF8DD6E11ECFF587002B3D1A /* Himotoki.framework in Frameworks */,
				716A8A9D1DC1D18B00BF314B /* JSON.framework in Frameworks */,
				716A8A981DC1D0E900BF314B /* Gloss.framework in Frameworks */,
				CCD510591CFFFB4C00E9C0D1 /* SwiftyJSON.framework in Frameworks */,
				CC9786C61CEBACE8005A5DEA /* Unbox.framework in Frameworks */,
				681299061DBFFCAB009960BE /* ObjectMapper.framework in Frameworks */,
				CC9786C41CEBACD5005A5DEA /* Marshal.framework in Frameworks */,
				CC9786C21CEBACD0005A5DEA /* Mapper.framework in Frameworks */,
				5BA72ED31DBECD52007ADBAE /* Decodable.framework in Frameworks */,
				9E9BF9C81DCD116900548161 /* PMJSON.framework in Frameworks */,
			);
			runOnlyForDeploymentPostprocessing = 0;
		};
/* End PBXFrameworksBuildPhase section */

/* Begin PBXGroup section */
		7C3FCD281DC1B16100C82DEE /* Frameworks */ = {
			isa = PBXGroup;
			children = (
				DF8DD6DB1ECFEDA0002B3D1A /* Himotoki.framework */,
				2F2868971DE7F48A002A6F68 /* Freddy.framework */,
				2F2868951DE7F34B002A6F68 /* Freddy.framework */,
				9E9BF9C91DCD117300548161 /* PMJSON.framework */,
				9E9BF9C71DCD116900548161 /* PMJSON.framework */,
				2098D5491DC1F5E800A15075 /* Genome.framework */,
				7C3FCD2D1DC1B19E00C82DEE /* Gloss.framework */,
				AA2B38CA1DC0B4AE008CECCD /* JSON.framework */,
				5BA72EC71DBECA48007ADBAE /* Decodable.framework */,
				CCD510581CFFFB4C00E9C0D1 /* SwiftyJSON.framework */,
				20A0B9691DC26803001D8A14 /* GenomeFoundation.framework */,
				681299041DBFFCAB009960BE /* ObjectMapper.framework */,
				CC9786C51CEBACE8005A5DEA /* Unbox.framework */,
				CC9786C31CEBACD5005A5DEA /* Marshal.framework */,
				CC9786C11CEBACD0005A5DEA /* Mapper.framework */,
				716A8A9C1DC1D18B00BF314B /* JSON.framework */,
				716A8A971DC1D0E900BF314B /* Gloss.framework */,
			);
			name = Frameworks;
			sourceTree = "<group>";
		};
		CC5A19F51CEADE59007238F3 = {
			isa = PBXGroup;
			children = (
				CC5A1A001CEADE59007238F3 /* JSONShootout */,
				CC5A1A151CEADE59007238F3 /* JSONShootoutTests */,
				CC97869F1CEBABE7005A5DEA /* ModelObjects */,
				CC5A19FF1CEADE59007238F3 /* Products */,
				7C3FCD281DC1B16100C82DEE /* Frameworks */,
			);
			sourceTree = "<group>";
		};
		CC5A19FF1CEADE59007238F3 /* Products */ = {
			isa = PBXGroup;
			children = (
				CC5A19FE1CEADE59007238F3 /* JSONShootout.app */,
				CC5A1A121CEADE59007238F3 /* JSONShootoutTests.xctest */,
				CC97869E1CEBABE7005A5DEA /* ModelObjects.framework */,
			);
			name = Products;
			sourceTree = "<group>";
		};
		CC5A1A001CEADE59007238F3 /* JSONShootout */ = {
			isa = PBXGroup;
			children = (
				CC5A1A011CEADE59007238F3 /* AppDelegate.swift */,
				CC5A1A031CEADE59007238F3 /* ViewController.swift */,
				CC5A1A051CEADE59007238F3 /* Main.storyboard */,
				CC5A1A081CEADE59007238F3 /* Assets.xcassets */,
				CC5A1A0A1CEADE59007238F3 /* LaunchScreen.storyboard */,
				CC5A1A0D1CEADE59007238F3 /* Info.plist */,
			);
			path = JSONShootout;
			sourceTree = "<group>";
		};
		CC5A1A151CEADE59007238F3 /* JSONShootoutTests */ = {
			isa = PBXGroup;
			children = (
				5B69A1DD1DBEC9A400B12579 /* Decodable_Tests.swift */,
				CC3023471CF9692700B51746 /* Mapper_Tests.swift */,
				CC3023481CF9692700B51746 /* Marshal_Tests.swift */,
				7C3FCD341DC1B61600C82DEE /* Gloss_Tests.swift */,
				20A0B95A1DC25F03001D8A14 /* Genome_Test.swift */,
				CCD5105A1CFFFF7000E9C0D1 /* SwiftyJSON_Tests.swift */,
				681299171DC00DB1009960BE /* ObjectMapper_Test.swift */,
				CC3023491CF9692700B51746 /* Unbox_Tests.swift */,
				AA2B38D31DC0B6D3008CECCD /* JSON_Tests.swift */,
				9E9BF9CB1DCD11BA00548161 /* PMJSON_Tests.swift */,
				2F28689B1DE7F66F002A6F68 /* Freddy_Tests.swift */,
				DF8DD6E61ED00BE9002B3D1A /* Himotoki_Tests.swift */,
				CC5A1A4C1CEAE182007238F3 /* Large.json */,
				CC5A1A181CEADE59007238F3 /* Info.plist */,
			);
			path = JSONShootoutTests;
			sourceTree = "<group>";
		};
		CC97869F1CEBABE7005A5DEA /* ModelObjects */ = {
			isa = PBXGroup;
			children = (
				CC9786A01CEBABE7005A5DEA /* ModelObjects.h */,
				CC9786A21CEBABE7005A5DEA /* Info.plist */,
				CC9786BB1CEBAC14005A5DEA /* Recording.swift */,
				CC9786BD1CEBAC21005A5DEA /* Program.swift */,
				CC9786BF1CEBAC6C005A5DEA /* NSDate+JSON.swift */,
				71337C8A1DBEBC6B00DCA374 /* Recording+Marshal.swift */,
				71337C8C1DBEBC7900DCA374 /* Recording+Mapper.swift */,
				71337C8E1DBEBC8600DCA374 /* Recording+Unbox.swift */,
				71337C901DBEBCA300DCA374 /* Recording+SwiftyJSON.swift */,
				5B69A1D91DBEC84200B12579 /* Recording+Decodable.swift */,
				6812991A1DC00DBB009960BE /* Recording+ObjectMapper.swift */,
				AA2B38D11DC0B57F008CECCD /* Recording+JSON.swift */,
				7C3FCD321DC1B2AE00C82DEE /* Recording+Gloss.swift */,
				20A0B9561DC2584D001D8A14 /* Recording+Genome.swift */,
				9E9BF9CF1DCD307200548161 /* Recording+PMJSON.swift */,
				2F28689F1DE8843C002A6F68 /* Recording+Freddy.swift */,
				DF8DD6E21ECFF695002B3D1A /* Recording+Himotoki.swift */,
				71337C921DBEBFB400DCA374 /* Program+Marshal.swift */,
				71337C941DBEBFC300DCA374 /* Program+Mapper.swift */,
				71337C961DBEBFD000DCA374 /* Program+Unbox.swift */,
				71337C981DBEBFDC00DCA374 /* Program+SwiftyJSON.swift */,
				5B69A1DB1DBEC86A00B12579 /* Program+Decodable.swift */,
				681299191DC00DBB009960BE /* Program+ObjectMapper.swift */,
				AA2B38CD1DC0B4CC008CECCD /* Program+JSON.swift */,
				7C3FCD301DC1B2A100C82DEE /* Program+Gloss.swift */,
				20A0B9581DC25B60001D8A14 /* Program+Genome.swift */,
				9E9BF9CD1DCD126D00548161 /* Program+PMJSON.swift */,
				2F28689D1DE7FB58002A6F68 /* Program+Freddy.swift */,
				DF8DD6E41ED00848002B3D1A /* Program+Himotoki.swift */,
			);
			path = ModelObjects;
			sourceTree = "<group>";
		};
/* End PBXGroup section */

/* Begin PBXHeadersBuildPhase section */
		CC97869B1CEBABE7005A5DEA /* Headers */ = {
			isa = PBXHeadersBuildPhase;
			buildActionMask = 2147483647;
			files = (
				CC9786A11CEBABE7005A5DEA /* ModelObjects.h in Headers */,
			);
			runOnlyForDeploymentPostprocessing = 0;
		};
/* End PBXHeadersBuildPhase section */

/* Begin PBXNativeTarget section */
		CC5A19FD1CEADE59007238F3 /* JSONShootout */ = {
			isa = PBXNativeTarget;
			buildConfigurationList = CC5A1A1B1CEADE59007238F3 /* Build configuration list for PBXNativeTarget "JSONShootout" */;
			buildPhases = (
				CC5A19FA1CEADE59007238F3 /* Sources */,
				CC5A19FB1CEADE59007238F3 /* Frameworks */,
				CC5A19FC1CEADE59007238F3 /* Resources */,
				CC5A1A421CEADFB8007238F3 /* Embed Frameworks */,
			);
			buildRules = (
			);
			dependencies = (
				CC9786B21CEBABE7005A5DEA /* PBXTargetDependency */,
			);
			name = JSONShootout;
			productName = JSONShootout;
			productReference = CC5A19FE1CEADE59007238F3 /* JSONShootout.app */;
			productType = "com.apple.product-type.application";
		};
		CC5A1A111CEADE59007238F3 /* JSONShootoutTests */ = {
			isa = PBXNativeTarget;
			buildConfigurationList = CC5A1A1E1CEADE59007238F3 /* Build configuration list for PBXNativeTarget "JSONShootoutTests" */;
			buildPhases = (
				CC5A1A0E1CEADE59007238F3 /* Sources */,
				CC5A1A0F1CEADE59007238F3 /* Frameworks */,
				CC5A1A101CEADE59007238F3 /* Resources */,
			);
			buildRules = (
			);
			dependencies = (
				CC5A1A141CEADE59007238F3 /* PBXTargetDependency */,
			);
			name = JSONShootoutTests;
			productName = JSONShootoutTests;
			productReference = CC5A1A121CEADE59007238F3 /* JSONShootoutTests.xctest */;
			productType = "com.apple.product-type.bundle.unit-test";
		};
		CC97869D1CEBABE7005A5DEA /* ModelObjects */ = {
			isa = PBXNativeTarget;
			buildConfigurationList = CC9786B91CEBABE7005A5DEA /* Build configuration list for PBXNativeTarget "ModelObjects" */;
			buildPhases = (
				CC9786991CEBABE7005A5DEA /* Sources */,
				CC97869A1CEBABE7005A5DEA /* Frameworks */,
				CC97869B1CEBABE7005A5DEA /* Headers */,
				CC97869C1CEBABE7005A5DEA /* Resources */,
			);
			buildRules = (
			);
			dependencies = (
			);
			name = ModelObjects;
			productName = ModelObjects;
			productReference = CC97869E1CEBABE7005A5DEA /* ModelObjects.framework */;
			productType = "com.apple.product-type.framework";
		};
/* End PBXNativeTarget section */

/* Begin PBXProject section */
		CC5A19F61CEADE59007238F3 /* Project object */ = {
			isa = PBXProject;
			attributes = {
				LastSwiftUpdateCheck = 0730;
				LastUpgradeCheck = 0800;
				ORGANIZATIONNAME = SwiftBit;
				TargetAttributes = {
					CC5A19FD1CEADE59007238F3 = {
						CreatedOnToolsVersion = 7.3.1;
						LastSwiftMigration = 0800;
					};
					CC5A1A111CEADE59007238F3 = {
						CreatedOnToolsVersion = 7.3.1;
						LastSwiftMigration = 0800;
						TestTargetID = CC5A19FD1CEADE59007238F3;
					};
					CC97869D1CEBABE7005A5DEA = {
						CreatedOnToolsVersion = 7.3.1;
						LastSwiftMigration = 0800;
					};
				};
			};
			buildConfigurationList = CC5A19F91CEADE59007238F3 /* Build configuration list for PBXProject "JSONShootout" */;
			compatibilityVersion = "Xcode 3.2";
			developmentRegion = English;
			hasScannedForEncodings = 0;
			knownRegions = (
				en,
				Base,
			);
			mainGroup = CC5A19F51CEADE59007238F3;
			productRefGroup = CC5A19FF1CEADE59007238F3 /* Products */;
			projectDirPath = "";
			projectRoot = "";
			targets = (
				CC5A19FD1CEADE59007238F3 /* JSONShootout */,
				CC5A1A111CEADE59007238F3 /* JSONShootoutTests */,
				CC97869D1CEBABE7005A5DEA /* ModelObjects */,
			);
		};
/* End PBXProject section */

/* Begin PBXResourcesBuildPhase section */
		CC5A19FC1CEADE59007238F3 /* Resources */ = {
			isa = PBXResourcesBuildPhase;
			buildActionMask = 2147483647;
			files = (
				CC5A1A0C1CEADE59007238F3 /* LaunchScreen.storyboard in Resources */,
				CC5A1A091CEADE59007238F3 /* Assets.xcassets in Resources */,
				CC5A1A071CEADE59007238F3 /* Main.storyboard in Resources */,
			);
			runOnlyForDeploymentPostprocessing = 0;
		};
		CC5A1A101CEADE59007238F3 /* Resources */ = {
			isa = PBXResourcesBuildPhase;
			buildActionMask = 2147483647;
			files = (
				CC5A1A4D1CEAE182007238F3 /* Large.json in Resources */,
			);
			runOnlyForDeploymentPostprocessing = 0;
		};
		CC97869C1CEBABE7005A5DEA /* Resources */ = {
			isa = PBXResourcesBuildPhase;
			buildActionMask = 2147483647;
			files = (
			);
			runOnlyForDeploymentPostprocessing = 0;
		};
/* End PBXResourcesBuildPhase section */

/* Begin PBXSourcesBuildPhase section */
		CC5A19FA1CEADE59007238F3 /* Sources */ = {
			isa = PBXSourcesBuildPhase;
			buildActionMask = 2147483647;
			files = (
				CC5A1A041CEADE59007238F3 /* ViewController.swift in Sources */,
				CC5A1A021CEADE59007238F3 /* AppDelegate.swift in Sources */,
			);
			runOnlyForDeploymentPostprocessing = 0;
		};
		CC5A1A0E1CEADE59007238F3 /* Sources */ = {
			isa = PBXSourcesBuildPhase;
			buildActionMask = 2147483647;
			files = (
				CC30234B1CF9692700B51746 /* Marshal_Tests.swift in Sources */,
				20A0B95B1DC25F03001D8A14 /* Genome_Test.swift in Sources */,
				CC30234A1CF9692700B51746 /* Mapper_Tests.swift in Sources */,
				CC30234C1CF9692700B51746 /* Unbox_Tests.swift in Sources */,
				AA2B38D41DC0B6D3008CECCD /* JSON_Tests.swift in Sources */,
				2F28689C1DE7F66F002A6F68 /* Freddy_Tests.swift in Sources */,
				5B69A1DE1DBEC9A400B12579 /* Decodable_Tests.swift in Sources */,
				CCD5105B1CFFFF7000E9C0D1 /* SwiftyJSON_Tests.swift in Sources */,
				7C3FCD351DC1B61600C82DEE /* Gloss_Tests.swift in Sources */,
				DF8DD6E71ED00BE9002B3D1A /* Himotoki_Tests.swift in Sources */,
				9E9BF9CC1DCD11BA00548161 /* PMJSON_Tests.swift in Sources */,
				681299181DC00DB1009960BE /* ObjectMapper_Test.swift in Sources */,
			);
			runOnlyForDeploymentPostprocessing = 0;
		};
		CC9786991CEBABE7005A5DEA /* Sources */ = {
			isa = PBXSourcesBuildPhase;
			buildActionMask = 2147483647;
			files = (
				2F2868A01DE8843C002A6F68 /* Recording+Freddy.swift in Sources */,
				71337C8F1DBEBC8600DCA374 /* Recording+Unbox.swift in Sources */,
				6812991C1DC00DBB009960BE /* Recording+ObjectMapper.swift in Sources */,
				71337C971DBEBFD000DCA374 /* Program+Unbox.swift in Sources */,
				CC9786BE1CEBAC21005A5DEA /* Program.swift in Sources */,
				71337C8D1DBEBC7900DCA374 /* Recording+Mapper.swift in Sources */,
				6812991B1DC00DBB009960BE /* Program+ObjectMapper.swift in Sources */,
				9E9BF9D01DCD307200548161 /* Recording+PMJSON.swift in Sources */,
				71337C991DBEBFDC00DCA374 /* Program+SwiftyJSON.swift in Sources */,
				DF8DD6E31ECFF695002B3D1A /* Recording+Himotoki.swift in Sources */,
				2F28689E1DE7FB58002A6F68 /* Program+Freddy.swift in Sources */,
				71337C931DBEBFB400DCA374 /* Program+Marshal.swift in Sources */,
				DF8DD6E51ED00848002B3D1A /* Program+Himotoki.swift in Sources */,
				CC9786C01CEBAC6C005A5DEA /* NSDate+JSON.swift in Sources */,
				9E9BF9CE1DCD126D00548161 /* Program+PMJSON.swift in Sources */,
				5B69A1DA1DBEC84200B12579 /* Recording+Decodable.swift in Sources */,
				AA2B38D01DC0B4D2008CECCD /* Program+JSON.swift in Sources */,
				7C3FCD311DC1B2A100C82DEE /* Program+Gloss.swift in Sources */,
				5B69A1DC1DBEC86A00B12579 /* Program+Decodable.swift in Sources */,
				7C3FCD331DC1B2AE00C82DEE /* Recording+Gloss.swift in Sources */,
				AA2B38D21DC0B57F008CECCD /* Recording+JSON.swift in Sources */,
				71337C911DBEBCA300DCA374 /* Recording+SwiftyJSON.swift in Sources */,
				20A0B9571DC2584D001D8A14 /* Recording+Genome.swift in Sources */,
				71337C951DBEBFC300DCA374 /* Program+Mapper.swift in Sources */,
				71337C8B1DBEBC6B00DCA374 /* Recording+Marshal.swift in Sources */,
				20A0B9591DC25B60001D8A14 /* Program+Genome.swift in Sources */,
				CC9786BC1CEBAC14005A5DEA /* Recording.swift in Sources */,
			);
			runOnlyForDeploymentPostprocessing = 0;
		};
/* End PBXSourcesBuildPhase section */

/* Begin PBXTargetDependency section */
		CC5A1A141CEADE59007238F3 /* PBXTargetDependency */ = {
			isa = PBXTargetDependency;
			target = CC5A19FD1CEADE59007238F3 /* JSONShootout */;
			targetProxy = CC5A1A131CEADE59007238F3 /* PBXContainerItemProxy */;
		};
		CC9786B21CEBABE7005A5DEA /* PBXTargetDependency */ = {
			isa = PBXTargetDependency;
			target = CC97869D1CEBABE7005A5DEA /* ModelObjects */;
			targetProxy = CC9786B11CEBABE7005A5DEA /* PBXContainerItemProxy */;
		};
/* End PBXTargetDependency section */

/* Begin PBXVariantGroup section */
		CC5A1A051CEADE59007238F3 /* Main.storyboard */ = {
			isa = PBXVariantGroup;
			children = (
				CC5A1A061CEADE59007238F3 /* Base */,
			);
			name = Main.storyboard;
			sourceTree = "<group>";
		};
		CC5A1A0A1CEADE59007238F3 /* LaunchScreen.storyboard */ = {
			isa = PBXVariantGroup;
			children = (
				CC5A1A0B1CEADE59007238F3 /* Base */,
			);
			name = LaunchScreen.storyboard;
			sourceTree = "<group>";
		};
/* End PBXVariantGroup section */

/* Begin XCBuildConfiguration section */
		CC5A1A191CEADE59007238F3 /* Debug */ = {
			isa = XCBuildConfiguration;
			buildSettings = {
				ALWAYS_SEARCH_USER_PATHS = NO;
				CLANG_ANALYZER_NONNULL = YES;
				CLANG_CXX_LANGUAGE_STANDARD = "gnu++0x";
				CLANG_CXX_LIBRARY = "libc++";
				CLANG_ENABLE_MODULES = YES;
				CLANG_ENABLE_OBJC_ARC = YES;
				CLANG_WARN_BOOL_CONVERSION = YES;
				CLANG_WARN_CONSTANT_CONVERSION = YES;
				CLANG_WARN_DIRECT_OBJC_ISA_USAGE = YES_ERROR;
				CLANG_WARN_EMPTY_BODY = YES;
				CLANG_WARN_ENUM_CONVERSION = YES;
				CLANG_WARN_INFINITE_RECURSION = YES;
				CLANG_WARN_INT_CONVERSION = YES;
				CLANG_WARN_OBJC_ROOT_CLASS = YES_ERROR;
				CLANG_WARN_SUSPICIOUS_MOVE = YES;
				CLANG_WARN_UNREACHABLE_CODE = YES;
				CLANG_WARN__DUPLICATE_METHOD_MATCH = YES;
				"CODE_SIGN_IDENTITY[sdk=iphoneos*]" = "iPhone Developer";
				COPY_PHASE_STRIP = NO;
				DEBUG_INFORMATION_FORMAT = dwarf;
				ENABLE_STRICT_OBJC_MSGSEND = YES;
				ENABLE_TESTABILITY = YES;
				GCC_C_LANGUAGE_STANDARD = gnu99;
				GCC_DYNAMIC_NO_PIC = NO;
				GCC_NO_COMMON_BLOCKS = YES;
				GCC_OPTIMIZATION_LEVEL = 0;
				GCC_PREPROCESSOR_DEFINITIONS = (
					"DEBUG=1",
					"$(inherited)",
				);
				GCC_WARN_64_TO_32_BIT_CONVERSION = YES;
				GCC_WARN_ABOUT_RETURN_TYPE = YES_ERROR;
				GCC_WARN_UNDECLARED_SELECTOR = YES;
				GCC_WARN_UNINITIALIZED_AUTOS = YES_AGGRESSIVE;
				GCC_WARN_UNUSED_FUNCTION = YES;
				GCC_WARN_UNUSED_VARIABLE = YES;
				IPHONEOS_DEPLOYMENT_TARGET = 9.3;
				MTL_ENABLE_DEBUG_INFO = YES;
				ONLY_ACTIVE_ARCH = YES;
				SDKROOT = iphoneos;
				SWIFT_OPTIMIZATION_LEVEL = "-O";
			};
			name = Debug;
		};
		CC5A1A1A1CEADE59007238F3 /* Release */ = {
			isa = XCBuildConfiguration;
			buildSettings = {
				ALWAYS_SEARCH_USER_PATHS = NO;
				CLANG_ANALYZER_NONNULL = YES;
				CLANG_CXX_LANGUAGE_STANDARD = "gnu++0x";
				CLANG_CXX_LIBRARY = "libc++";
				CLANG_ENABLE_MODULES = YES;
				CLANG_ENABLE_OBJC_ARC = YES;
				CLANG_WARN_BOOL_CONVERSION = YES;
				CLANG_WARN_CONSTANT_CONVERSION = YES;
				CLANG_WARN_DIRECT_OBJC_ISA_USAGE = YES_ERROR;
				CLANG_WARN_EMPTY_BODY = YES;
				CLANG_WARN_ENUM_CONVERSION = YES;
				CLANG_WARN_INFINITE_RECURSION = YES;
				CLANG_WARN_INT_CONVERSION = YES;
				CLANG_WARN_OBJC_ROOT_CLASS = YES_ERROR;
				CLANG_WARN_SUSPICIOUS_MOVE = YES;
				CLANG_WARN_UNREACHABLE_CODE = YES;
				CLANG_WARN__DUPLICATE_METHOD_MATCH = YES;
				"CODE_SIGN_IDENTITY[sdk=iphoneos*]" = "iPhone Developer";
				COPY_PHASE_STRIP = NO;
				DEBUG_INFORMATION_FORMAT = "dwarf-with-dsym";
				ENABLE_NS_ASSERTIONS = NO;
				ENABLE_STRICT_OBJC_MSGSEND = YES;
				GCC_C_LANGUAGE_STANDARD = gnu99;
				GCC_NO_COMMON_BLOCKS = YES;
				GCC_WARN_64_TO_32_BIT_CONVERSION = YES;
				GCC_WARN_ABOUT_RETURN_TYPE = YES_ERROR;
				GCC_WARN_UNDECLARED_SELECTOR = YES;
				GCC_WARN_UNINITIALIZED_AUTOS = YES_AGGRESSIVE;
				GCC_WARN_UNUSED_FUNCTION = YES;
				GCC_WARN_UNUSED_VARIABLE = YES;
				IPHONEOS_DEPLOYMENT_TARGET = 9.3;
				MTL_ENABLE_DEBUG_INFO = NO;
				SDKROOT = iphoneos;
				SWIFT_OPTIMIZATION_LEVEL = "-Owholemodule";
				VALIDATE_PRODUCT = YES;
			};
			name = Release;
		};
		CC5A1A1C1CEADE59007238F3 /* Debug */ = {
			isa = XCBuildConfiguration;
			buildSettings = {
				ALWAYS_EMBED_SWIFT_STANDARD_LIBRARIES = YES;
				ASSETCATALOG_COMPILER_APPICON_NAME = AppIcon;
				FRAMEWORK_SEARCH_PATHS = "$(inherited)";
				INFOPLIST_FILE = JSONShootout/Info.plist;
				LD_RUNPATH_SEARCH_PATHS = "$(inherited) @executable_path/Frameworks";
				PRODUCT_BUNDLE_IDENTIFIER = "com.swift-bit.JSONShootout";
				PRODUCT_NAME = "$(TARGET_NAME)";
				SWIFT_VERSION = 3.0;
			};
			name = Debug;
		};
		CC5A1A1D1CEADE59007238F3 /* Release */ = {
			isa = XCBuildConfiguration;
			buildSettings = {
				ALWAYS_EMBED_SWIFT_STANDARD_LIBRARIES = YES;
				ASSETCATALOG_COMPILER_APPICON_NAME = AppIcon;
				FRAMEWORK_SEARCH_PATHS = "$(inherited)";
				INFOPLIST_FILE = JSONShootout/Info.plist;
				LD_RUNPATH_SEARCH_PATHS = "$(inherited) @executable_path/Frameworks";
				PRODUCT_BUNDLE_IDENTIFIER = "com.swift-bit.JSONShootout";
				PRODUCT_NAME = "$(TARGET_NAME)";
				SWIFT_VERSION = 3.0;
			};
			name = Release;
		};
		CC5A1A1F1CEADE59007238F3 /* Debug */ = {
			isa = XCBuildConfiguration;
			buildSettings = {
				INFOPLIST_FILE = JSONShootoutTests/Info.plist;
				LD_RUNPATH_SEARCH_PATHS = "$(inherited) @executable_path/Frameworks @loader_path/Frameworks";
				PRODUCT_BUNDLE_IDENTIFIER = "com.swift-bit.JSONShootoutTests";
				PRODUCT_NAME = "$(TARGET_NAME)";
				SWIFT_VERSION = 3.0;
				TEST_HOST = "$(BUILT_PRODUCTS_DIR)/JSONShootout.app/JSONShootout";
			};
			name = Debug;
		};
		CC5A1A201CEADE59007238F3 /* Release */ = {
			isa = XCBuildConfiguration;
			buildSettings = {
				INFOPLIST_FILE = JSONShootoutTests/Info.plist;
				LD_RUNPATH_SEARCH_PATHS = "$(inherited) @executable_path/Frameworks @loader_path/Frameworks";
				PRODUCT_BUNDLE_IDENTIFIER = "com.swift-bit.JSONShootoutTests";
				PRODUCT_NAME = "$(TARGET_NAME)";
				SWIFT_VERSION = 3.0;
				TEST_HOST = "$(BUILT_PRODUCTS_DIR)/JSONShootout.app/JSONShootout";
			};
			name = Release;
		};
		CC9786B51CEBABE7005A5DEA /* Debug */ = {
			isa = XCBuildConfiguration;
			buildSettings = {
				CLANG_ENABLE_MODULES = YES;
				"CODE_SIGN_IDENTITY[sdk=iphoneos*]" = "";
				CURRENT_PROJECT_VERSION = 1;
				DEFINES_MODULE = YES;
				DYLIB_COMPATIBILITY_VERSION = 1;
				DYLIB_CURRENT_VERSION = 1;
				DYLIB_INSTALL_NAME_BASE = "@rpath";
				FRAMEWORK_SEARCH_PATHS = "$(inherited)";
				INFOPLIST_FILE = ModelObjects/Info.plist;
				INSTALL_PATH = "$(LOCAL_LIBRARY_DIR)/Frameworks";
				LD_RUNPATH_SEARCH_PATHS = "$(inherited) @executable_path/Frameworks @loader_path/Frameworks";
				PRODUCT_BUNDLE_IDENTIFIER = "com.swift-bit.ModelObjects";
				PRODUCT_NAME = "$(TARGET_NAME)";
				SKIP_INSTALL = YES;
				SWIFT_OPTIMIZATION_LEVEL = "-Onone";
				SWIFT_VERSION = 3.0;
				TARGETED_DEVICE_FAMILY = "1,2";
				VERSIONING_SYSTEM = "apple-generic";
				VERSION_INFO_PREFIX = "";
			};
			name = Debug;
		};
		CC9786B61CEBABE7005A5DEA /* Release */ = {
			isa = XCBuildConfiguration;
			buildSettings = {
				CLANG_ENABLE_MODULES = YES;
				"CODE_SIGN_IDENTITY[sdk=iphoneos*]" = "";
				CURRENT_PROJECT_VERSION = 1;
				DEFINES_MODULE = YES;
				DYLIB_COMPATIBILITY_VERSION = 1;
				DYLIB_CURRENT_VERSION = 1;
				DYLIB_INSTALL_NAME_BASE = "@rpath";
				FRAMEWORK_SEARCH_PATHS = "$(inherited)";
				INFOPLIST_FILE = ModelObjects/Info.plist;
				INSTALL_PATH = "$(LOCAL_LIBRARY_DIR)/Frameworks";
				LD_RUNPATH_SEARCH_PATHS = "$(inherited) @executable_path/Frameworks @loader_path/Frameworks";
				PRODUCT_BUNDLE_IDENTIFIER = "com.swift-bit.ModelObjects";
				PRODUCT_NAME = "$(TARGET_NAME)";
				SKIP_INSTALL = YES;
				SWIFT_VERSION = 3.0;
				TARGETED_DEVICE_FAMILY = "1,2";
				VERSIONING_SYSTEM = "apple-generic";
				VERSION_INFO_PREFIX = "";
			};
			name = Release;
		};
/* End XCBuildConfiguration section */

/* Begin XCConfigurationList section */
		CC5A19F91CEADE59007238F3 /* Build configuration list for PBXProject "JSONShootout" */ = {
			isa = XCConfigurationList;
			buildConfigurations = (
				CC5A1A191CEADE59007238F3 /* Debug */,
				CC5A1A1A1CEADE59007238F3 /* Release */,
			);
			defaultConfigurationIsVisible = 0;
			defaultConfigurationName = Release;
		};
		CC5A1A1B1CEADE59007238F3 /* Build configuration list for PBXNativeTarget "JSONShootout" */ = {
			isa = XCConfigurationList;
			buildConfigurations = (
				CC5A1A1C1CEADE59007238F3 /* Debug */,
				CC5A1A1D1CEADE59007238F3 /* Release */,
			);
			defaultConfigurationIsVisible = 0;
			defaultConfigurationName = Release;
		};
		CC5A1A1E1CEADE59007238F3 /* Build configuration list for PBXNativeTarget "JSONShootoutTests" */ = {
			isa = XCConfigurationList;
			buildConfigurations = (
				CC5A1A1F1CEADE59007238F3 /* Debug */,
				CC5A1A201CEADE59007238F3 /* Release */,
			);
			defaultConfigurationIsVisible = 0;
			defaultConfigurationName = Release;
		};
		CC9786B91CEBABE7005A5DEA /* Build configuration list for PBXNativeTarget "ModelObjects" */ = {
			isa = XCConfigurationList;
			buildConfigurations = (
				CC9786B51CEBABE7005A5DEA /* Debug */,
				CC9786B61CEBABE7005A5DEA /* Release */,
			);
			defaultConfigurationIsVisible = 0;
			defaultConfigurationName = Release;
		};
/* End XCConfigurationList section */
	};
	rootObject = CC5A19F61CEADE59007238F3 /* Project object */;
}
